{
  "name": "com.isrudoy.antelope",
  "version": "1.2.0",
  "lockfileVersion": 3,
  "requires": true,
  "packages": {
    "": {
      "name": "com.isrudoy.antelope",
      "version": "1.2.0",
      "license": "MIT",
      "dependencies": {
        "@napi-rs/canvas": "0.1.93",
        "ws": "8.14.2"
      },
      "optionalDependencies": {
        "@napi-rs/canvas-darwin-arm64": "0.1.93",
        "@napi-rs/canvas-darwin-x64": "0.1.93",
        "@napi-rs/canvas-win32-x64-msvc": "0.1.93"
      }
    },
    "node_modules/@napi-rs/canvas": {
      "version": "0.1.93",
      "resolved": "https://registry.npmjs.org/@napi-rs/canvas/-/canvas-0.1.93.tgz",
      "integrity": "sha512-unVFo8CUlUeJCCxt50+j4yy91NF4x6n9zdGcvEsOFAWzowtZm3mgx8X2D7xjwV0cFSfxmpGPoe+JS77uzeFsxg==",
      "license": "MIT",
      "workspaces": [
        "e2e/*"
      ],
      "engines": {
        "node": ">= 10"
      },
      "funding": {
        "type": "github",
        "url": "https://github.com/sponsors/Brooooooklyn"
      },
      "optionalDependencies": {
        "@napi-rs/canvas-android-arm64": "0.1.93",
        "@napi-rs/canvas-darwin-arm64": "0.1.93",
        "@napi-rs/canvas-darwin-x64": "0.1.93",
        "@napi-rs/canvas-linux-arm-gnueabihf": "0.1.93",
        "@napi-rs/canvas-linux-arm64-gnu": "0.1.93",
        "@napi-rs/canvas-linux-arm64-musl": "0.1.93",
        "@napi-rs/canvas-linux-riscv64-gnu": "0.1.93",
        "@napi-rs/canvas-linux-x64-gnu": "0.1.93",
        "@napi-rs/canvas-linux-x64-musl": "0.1.93",
        "@napi-rs/canvas-win32-arm64-msvc": "0.1.93",
        "@napi-rs/canvas-win32-x64-msvc": "0.1.93"
      }
    },
    "node_modules/@napi-rs/canvas-android-arm64": {
      "version": "0.1.93",
      "resolved": "https://registry.npmjs.org/@napi-rs/canvas-android-arm64/-/canvas-android-arm64-0.1.93.tgz",
      "integrity": "sha512-xRIoOPFvneR29Dtq5d9p2AJbijDCFeV4jQ+5Ms/xVAXJVb8R0Jlu+pPr/SkhrG+Mouaml4roPSXugTIeRl6CMA==",
      "cpu": [
        "arm64"
      ],
      "license": "MIT",
      "optional": true,
      "os": [
        "android"
      ],
      "engines": {
        "node": ">= 10"
      },
      "funding": {
        "type": "github",
        "url": "https://github.com/sponsors/Brooooooklyn"
      }
    },
    "node_modules/@napi-rs/canvas-darwin-arm64": {
      "version": "0.1.93",
      "resolved": "https://registry.npmjs.org/@napi-rs/canvas-darwin-arm64/-/canvas-darwin-arm64-0.1.93.tgz",
      "integrity": "sha512-daNDi76HN5grC6GXDmpxdfP+N2mQPd3sCfg62VyHwUuvbZh32P7R/IUjkzAxtYMtTza+Zvx9hfLJ3J7ENL6WMA==",
      "cpu": [
        "arm64"
      ],
      "license": "MIT",
      "optional": true,
      "os": [
        "darwin"
      ],
      "engines": {
        "node": ">= 10"
      },
      "funding": {
        "type": "github",
        "url": "https://github.com/sponsors/Brooooooklyn"
      }
    },
    "node_modules/@napi-rs/canvas-darwin-x64": {
      "version": "0.1.93",
      "resolved": "https://registry.npmjs.org/@napi-rs/canvas-darwin-x64/-/canvas-darwin-x64-0.1.93.tgz",
      "integrity": "sha512-1YfuNPIQLawsg/gSNdJRk4kQWUy9M/Gy8FGsOI79nhQEJ2PZdqpSPl5UNzf4elfuNXuVbEbmmjP68EQdUunDuQ==",
      "cpu": [
        "x64"
      ],
      "license": "MIT",
      "optional": true,
      "os": [
        "darwin"
      ],
      "engines": {
        "node": ">= 10"
      },
      "funding": {
        "type": "github",
        "url": "https://github.com/sponsors/Brooooooklyn"
      }
    },
    "node_modules/@napi-rs/canvas-linux-arm-gnueabihf": {
      "version": "0.1.93",
      "resolved": "https://registry.npmjs.org/@napi-rs/canvas-linux-arm-gnueabihf/-/canvas-linux-arm-gnueabihf-0.1.93.tgz",
      "integrity": "sha512-8kEkOQPZjuyHjupvXExuJZiuiVNecdABGq3DLI7aO1EvQFOOlWMm2d/8Q5qXdV73Tn+nu3m16+kPajsN1oJefQ==",
      "cpu": [
        "arm"
      ],
      "license": "MIT",
      "optional": true,
      "os": [
        "linux"
      ],
      "engines": {
        "node": ">= 10"
      },
      "funding": {
        "type": "github",
        "url": "https://github.com/sponsors/Brooooooklyn"
      }
    },
    "node_modules/@napi-rs/canvas-linux-arm64-gnu": {
      "version": "0.1.93",
      "resolved": "https://registry.npmjs.org/@napi-rs/canvas-linux-arm64-gnu/-/canvas-linux-arm64-gnu-0.1.93.tgz",
      "integrity": "sha512-qIKLKkBkYSyWSYAoDThoxf5y1gr4X0g7W8rDU7d2HDeAAcotdVHUwuKkMeNe6+5VNk7/95EIhbslQjSxiCu32g==",
      "cpu": [
        "arm64"
      ],
      "license": "MIT",
      "optional": true,
      "os": [
        "linux"
      ],
      "engines": {
        "node": ">= 10"
      },
      "funding": {
        "type": "github",
        "url": "https://github.com/sponsors/Brooooooklyn"
      }
    },
    "node_modules/@napi-rs/canvas-linux-arm64-musl": {
      "version": "0.1.93",
      "resolved": "https://registry.npmjs.org/@napi-rs/canvas-linux-arm64-musl/-/canvas-linux-arm64-musl-0.1.93.tgz",
      "integrity": "sha512-mAwQBGM3qArS9XEO21AK4E1uGvCuUCXjhIZk0dlVvs49MQ6wAAuCkYKNFpSKeSicKrLWwBMfgWX4qZoPh+M00A==",
      "cpu": [
        "arm64"
      ],
      "license": "MIT",
      "optional": true,
      "os": [
        "linux"
      ],
      "engines": {
        "node": ">= 10"
      },
      "funding": {
        "type": "github",
        "url": "https://github.com/sponsors/Brooooooklyn"
      }
    },
    "node_modules/@napi-rs/canvas-linux-riscv64-gnu": {
      "version": "0.1.93",
      "resolved": "https://registry.npmjs.org/@napi-rs/canvas-linux-riscv64-gnu/-/canvas-linux-riscv64-gnu-0.1.93.tgz",
      "integrity": "sha512-kaIH5MpPzOZfkM+QMsBxGdM9jlJT+N+fwz2IEaju/S+DL65E5TgPOx4QcD5dQ8vsMxlak6uDrudBc4ns5xzZCw==",
      "cpu": [
        "riscv64"
      ],
      "license": "MIT",
      "optional": true,
      "os": [
        "linux"
      ],
      "engines": {
        "node": ">= 10"
      },
      "funding": {
        "type": "github",
        "url": "https://github.com/sponsors/Brooooooklyn"
      }
    },
    "node_modules/@napi-rs/canvas-linux-x64-gnu": {
      "version": "0.1.93",
      "resolved": "https://registry.npmjs.org/@napi-rs/canvas-linux-x64-gnu/-/canvas-linux-x64-gnu-0.1.93.tgz",
      "integrity": "sha512-KtMZJqYWvOSeW5w3VSV2f5iGnwNdKJm4gwgVid4xNy1NFi+NJSyuglA1lX1u4wIPxizyxh8OW5c5Usf6oSOMNQ==",
      "cpu": [
        "x64"
      ],
      "license": "MIT",
      "optional": true,
      "os": [
        "linux"
      ],
      "engines": {
        "node": ">= 10"
      },
      "funding": {
        "type": "github",
        "url": "https://github.com/sponsors/Brooooooklyn"
      }
    },
    "node_modules/@napi-rs/canvas-linux-x64-musl": {
      "version": "0.1.93",
      "resolved": "https://registry.npmjs.org/@napi-rs/canvas-linux-x64-musl/-/canvas-linux-x64-musl-0.1.93.tgz",
      "integrity": "sha512-qRZhOvlDBooRLX6V3/t9X9B+plZK+OrPLgfFixu0A1RO/3VHbubOknfnMnocSDAqk/L6cRyKI83VP2ciR9UO7w==",
      "cpu": [
        "x64"
      ],
      "license": "MIT",
      "optional": true,
      "os": [
        "linux"
      ],
      "engines": {
        "node": ">= 10"
      },
      "funding": {
        "type": "github",
        "url": "https://github.com/sponsors/Brooooooklyn"
      }
    },
    "node_modules/@napi-rs/canvas-win32-arm64-msvc": {
      "version": "0.1.93",
      "resolved": "https://registry.npmjs.org/@napi-rs/canvas-win32-arm64-msvc/-/canvas-win32-arm64-msvc-0.1.93.tgz",
      "integrity": "sha512-um5XE44vF8bjkQEsH2iRSUP9fDeQGYbn/qjM/v4whXG83qsqapAXlOPOQqSARZB1SiNvPUAuXoRsJLlKFmAEFw==",
      "cpu": [
        "arm64"
      ],
      "license": "MIT",
      "optional": true,
      "os": [
        "win32"
      ],
      "engines": {
        "node": ">= 10"
      },
      "funding": {
        "type": "github",
        "url": "https://github.com/sponsors/Brooooooklyn"
      }
    },
    "node_modules/@napi-rs/canvas-win32-x64-msvc": {
      "version": "0.1.93",
      "resolved": "https://registry.npmjs.org/@napi-rs/canvas-win32-x64-msvc/-/canvas-win32-x64-msvc-0.1.93.tgz",
      "integrity": "sha512-maHlizZgmKsAPJwjwBZMnsWfq3Ca9QutoteQwKe7YqsmbECoylrLCCOGCDOredstW4BRWqRTfCl6NJaVVeAQvQ==",
      "cpu": [
        "x64"
      ],
      "license": "MIT",
      "optional": true,
      "os": [
        "win32"
      ],
      "engines": {
        "node": ">= 10"
      },
      "funding": {
        "type": "github",
        "url": "https://github.com/sponsors/Brooooooklyn"
      }
    },
    "node_modules/ws": {
      "version": "8.14.2",
      "resolved": "https://registry.npmjs.org/ws/-/ws-8.14.2.tgz",
      "integrity": "sha512-wEBG1ftX4jcglPxgFCMJmZ2PLtSbJ2Peg6TmpJFTbe9GZYOQCDPdMYu/Tm0/bGZkw8paZnJY45J4K2PZrLYq8g==",
      "license": "MIT",
      "engines": {
        "node": ">=10.0.0"
      },
      "peerDependencies": {
        "bufferutil": "^4.0.1",
        "utf-8-validate": ">=5.0.2"
      },
      "peerDependenciesMeta": {
        "bufferutil": {
          "optional": true
        },
        "utf-8-validate": {
          "optional": true
        }
      }
    }
  }
}
